
Microsoft Visual Studio Solution File, Format Version 12.00
# Visual Studio Version 17
VisualStudioVersion = 17.14.36310.24
MinimumVisualStudioVersion = 10.0.40219.1
Project("{FAE04EC0-301F-11D3-BF4B-00C04F79EFBC}") = "Skauts", "Skauts\Skauts.csproj", "{B718BE90-4458-412E-B66E-DFE5C64C17F1}"
	ProjectSection(ProjectDependencies) = postProject
		{81DDED9D-158B-E303-5F62-77A2896D2A5A} = {81DDED9D-158B-E303-5F62-77A2896D2A5A}
	EndProjectSection
EndProject
Project("{E53339B2-1760-4266-BCC7-CA923CBCF16C}") = "skauts-docker-compose", "skauts-docker-compose.dcproj", "{81DDED9D-158B-E303-5F62-77A2896D2A5A}"
EndProject
Global
	GlobalSection(SolutionConfigurationPlatforms) = preSolution
		Debug|Any CPU = Debug|Any CPU
		Release|Any CPU = Release|Any CPU
	EndGlobalSection
	GlobalSection(ProjectConfigurationPlatforms) = postSolution
		{B718BE90-4458-412E-B66E-DFE5C64C17F1}.Debug|Any CPU.ActiveCfg = Debug|Any CPU
		{B718BE90-4458-412E-B66E-DFE5C64C17F1}.Debug|Any CPU.Build.0 = Debug|Any CPU
		{B718BE90-4458-412E-B66E-DFE5C64C17F1}.Release|Any CPU.ActiveCfg = Release|Any CPU
		{B718BE90-4458-412E-B66E-DFE5C64C17F1}.Release|Any CPU.Build.0 = Release|Any CPU
		{81DDED9D-158B-E303-5F62-77A2896D2A5A}.Debug|Any CPU.ActiveCfg = Debug|Any CPU
		{81DDED9D-158B-E303-5F62-77A2896D2A5A}.Debug|Any CPU.Build.0 = Debug|Any CPU
		{81DDED9D-158B-E303-5F62-77A2896D2A5A}.Release|Any CPU.ActiveCfg = Release|Any CPU
		{81DDED9D-158B-E303-5F62-77A2896D2A5A}.Release|Any CPU.Build.0 = Release|Any CPU
	EndGlobalSection
	GlobalSection(SolutionProperties) = preSolution
		HideSolutionNode = FALSE
	EndGlobalSection
	GlobalSection(ExtensibilityGlobals) = postSolution
		SolutionGuid = {C83EF92F-1BDA-427C-8A69-0C9736105C30}
	EndGlobalSection
EndGlobal
